gitlab.com/adamsteinbok1/renovate/go-demo-module v0.1.0 h1:82GVxLy7kiW1OZ/70peMUj43069a/dgO8HFaICZ/GwQ=
gitlab.com/adamsteinbok1/renovate/go-demo-module v0.1.0/go.mod h1:EDwA5w1E0bJj7tmIAWnOgoJ5p03qL+lw6VVp0y/te3I=
gitlab.com/adamsteinbok1/renovate/go-demo-module v0.2.0 h1:9Ti9ENzw+cJ4l39UhatmHBWgV4+CR0olDniMN2Txlh0=
gitlab.com/adamsteinbok1/renovate/go-demo-module v0.2.0/go.mod h1:EDwA5w1E0bJj7tmIAWnOgoJ5p03qL+lw6VVp0y/te3I=
